
Microsoft Visual Studio Solution File, Format Version 12.00
# Visual Studio Version 17
VisualStudioVersion = 17.2.32616.157
MinimumVisualStudioVersion = 10.0.40219.1
Project("{FAE04EC0-301F-11D3-BF4B-00C04F79EFBC}") = "RtoTools", "RtoTools.csproj", "{FBD33707-3087-421E-A7EB-B9ACBD385EDA}"
EndProject
Global
	GlobalSection(SolutionConfigurationPlatforms) = preSolution
		Debug|Any CPU = Debug|Any CPU
		Release|Any CPU = Release|Any CPU
	EndGlobalSection
	GlobalSection(ProjectConfigurationPlatforms) = postSolution
		{FBD33707-3087-421E-A7EB-B9ACBD385EDA}.Debug|Any CPU.ActiveCfg = Debug|Any CPU
		{FBD33707-3087-421E-A7EB-B9ACBD385EDA}.Debug|Any CPU.Build.0 = Debug|Any CPU
		{FBD33707-3087-421E-A7EB-B9ACBD385EDA}.Release|Any CPU.ActiveCfg = Release|Any CPU
		{FBD33707-3087-421E-A7EB-B9ACBD385EDA}.Release|Any CPU.Build.0 = Release|Any CPU
	EndGlobalSection
	GlobalSection(SolutionProperties) = preSolution
		HideSolutionNode = FALSE
	EndGlobalSection
	GlobalSection(ExtensibilityGlobals) = postSolution
		SolutionGuid = {A45BF8A1-6E60-405D-889E-4B428848EADF}
	EndGlobalSection
EndGlobal
